
Microsoft Visual Studio Solution File, Format Version 12.00
# Visual Studio Version 17
VisualStudioVersion = 17.13.35919.96
MinimumVisualStudioVersion = 10.0.40219.1
Project("{FAE04EC0-301F-11D3-BF4B-00C04F79EFBC}") = "Journal.Test", "Journal.Test\Journal.Test.csproj", "{0F15D34C-9C08-4953-A4C2-13EAD56DA870}"
EndProject
Project("{FAE04EC0-301F-11D3-BF4B-00C04F79EFBC}") = "Journal", "Journal\Journal.csproj", "{CFB1AC8C-49DC-47E5-B358-4A7345268ACF}"
EndProject
Global
	GlobalSection(SolutionConfigurationPlatforms) = preSolution
		Debug|Any CPU = Debug|Any CPU
		Release|Any CPU = Release|Any CPU
	EndGlobalSection
	GlobalSection(ProjectConfigurationPlatforms) = postSolution
		{0F15D34C-9C08-4953-A4C2-13EAD56DA870}.Debug|Any CPU.ActiveCfg = Debug|Any CPU
		{0F15D34C-9C08-4953-A4C2-13EAD56DA870}.Debug|Any CPU.Build.0 = Debug|Any CPU
		{0F15D34C-9C08-4953-A4C2-13EAD56DA870}.Release|Any CPU.ActiveCfg = Release|Any CPU
		{0F15D34C-9C08-4953-A4C2-13EAD56DA870}.Release|Any CPU.Build.0 = Release|Any CPU
		{CFB1AC8C-49DC-47E5-B358-4A7345268ACF}.Debug|Any CPU.ActiveCfg = Debug|Any CPU
		{CFB1AC8C-49DC-47E5-B358-4A7345268ACF}.Debug|Any CPU.Build.0 = Debug|Any CPU
		{CFB1AC8C-49DC-47E5-B358-4A7345268ACF}.Release|Any CPU.ActiveCfg = Release|Any CPU
		{CFB1AC8C-49DC-47E5-B358-4A7345268ACF}.Release|Any CPU.Build.0 = Release|Any CPU
	EndGlobalSection
	GlobalSection(SolutionProperties) = preSolution
		HideSolutionNode = FALSE
	EndGlobalSection
	GlobalSection(ExtensibilityGlobals) = postSolution
		SolutionGuid = {61222567-AF29-4D39-8C8C-1196CB9A024B}
	EndGlobalSection
EndGlobal
