
Microsoft Visual Studio Solution File, Format Version 11.00
# Visual Studio 2010
Project("{8BC9CEB8-8B4A-11D0-8D11-00A0C91BC942}") = "HouaissImporter", "Tools\HouaissImporter\HouaissImporter.vcxproj", "{D7B28A33-6BBD-4A52-981E-AB8B4D6C2BBD}"
EndProject
Project("{8BC9CEB8-8B4A-11D0-8D11-00A0C91BC942}") = "BabelBaseLib", "Libraries\BabelBaseLib\BabelBaseLib.vcxproj", "{8DAC4D04-2DB3-48D8-91E2-33F7763C0690}"
EndProject
Project("{8BC9CEB8-8B4A-11D0-8D11-00A0C91BC942}") = "BabelBase", "Libraries\DLLs\BabelBase\BabelBase.vcxproj", "{E874139B-00D2-4C97-81B7-7906B7C3B811}"
EndProject
Global
	GlobalSection(SolutionConfigurationPlatforms) = preSolution
		Debug|Win32 = Debug|Win32
		Release|Win32 = Release|Win32
	EndGlobalSection
	GlobalSection(ProjectConfigurationPlatforms) = postSolution
		{D7B28A33-6BBD-4A52-981E-AB8B4D6C2BBD}.Debug|Win32.ActiveCfg = Debug|Win32
		{D7B28A33-6BBD-4A52-981E-AB8B4D6C2BBD}.Debug|Win32.Build.0 = Debug|Win32
		{D7B28A33-6BBD-4A52-981E-AB8B4D6C2BBD}.Release|Win32.ActiveCfg = Release|Win32
		{D7B28A33-6BBD-4A52-981E-AB8B4D6C2BBD}.Release|Win32.Build.0 = Release|Win32
		{8DAC4D04-2DB3-48D8-91E2-33F7763C0690}.Debug|Win32.ActiveCfg = Debug|Win32
		{8DAC4D04-2DB3-48D8-91E2-33F7763C0690}.Debug|Win32.Build.0 = Debug|Win32
		{8DAC4D04-2DB3-48D8-91E2-33F7763C0690}.Release|Win32.ActiveCfg = Release|Win32
		{8DAC4D04-2DB3-48D8-91E2-33F7763C0690}.Release|Win32.Build.0 = Release|Win32
		{E874139B-00D2-4C97-81B7-7906B7C3B811}.Debug|Win32.ActiveCfg = Debug|Win32
		{E874139B-00D2-4C97-81B7-7906B7C3B811}.Debug|Win32.Build.0 = Debug|Win32
		{E874139B-00D2-4C97-81B7-7906B7C3B811}.Release|Win32.ActiveCfg = Release|Win32
		{E874139B-00D2-4C97-81B7-7906B7C3B811}.Release|Win32.Build.0 = Release|Win32
	EndGlobalSection
	GlobalSection(SolutionProperties) = preSolution
		HideSolutionNode = FALSE
	EndGlobalSection
EndGlobal
