Microsoft Visual Studio Solution File, Format Version 11.00
# Visual Studio 2010
Project("{8BC9CEB8-8B4A-11D0-8D11-00A0C91BC942}") = "HookApi", "HookApi\HookApi.vcxproj", "{06E53AB5-4217-47B4-A35C-DE73665D8AB0}"
EndProject
Project("{8BC9CEB8-8B4A-11D0-8D11-00A0C91BC942}") = "hookapidll", "hookapidll\hookapidll.vcxproj", "{CCBBD10A-EDDB-429E-AAFA-44320D8D1DFE}"
EndProject
Global
	GlobalSection(SolutionConfigurationPlatforms) = preSolution
		Debug|Win32 = Debug|Win32
		Release|Win32 = Release|Win32
	EndGlobalSection
	GlobalSection(ProjectConfigurationPlatforms) = postSolution
		{06E53AB5-4217-47B4-A35C-DE73665D8AB0}.Debug|Win32.ActiveCfg = Debug|Win32
		{06E53AB5-4217-47B4-A35C-DE73665D8AB0}.Debug|Win32.Build.0 = Debug|Win32
		{06E53AB5-4217-47B4-A35C-DE73665D8AB0}.Release|Win32.ActiveCfg = Release|Win32
		{06E53AB5-4217-47B4-A35C-DE73665D8AB0}.Release|Win32.Build.0 = Release|Win32
		{CCBBD10A-EDDB-429E-AAFA-44320D8D1DFE}.Debug|Win32.ActiveCfg = Debug|Win32
		{CCBBD10A-EDDB-429E-AAFA-44320D8D1DFE}.Debug|Win32.Build.0 = Debug|Win32
		{CCBBD10A-EDDB-429E-AAFA-44320D8D1DFE}.Release|Win32.ActiveCfg = Release|Win32
		{CCBBD10A-EDDB-429E-AAFA-44320D8D1DFE}.Release|Win32.Build.0 = Release|Win32
	EndGlobalSection
	GlobalSection(SolutionProperties) = preSolution
		HideSolutionNode = FALSE
	EndGlobalSection
EndGlobal
