
Microsoft Visual Studio Solution File, Format Version 11.00
# Visual Studio 2010
Project("{8BC9CEB8-8B4A-11D0-8D11-00A0C91BC942}") = "CriticalService", "CriticalService\CriticalService.vcxproj", "{52B85F56-542C-4F1A-BCA3-43CEC677A7E3}"
	ProjectSection(ProjectDependencies) = postProject
		{5B113DCC-21CC-4EE7-A0EE-4C9CC3619C6F} = {5B113DCC-21CC-4EE7-A0EE-4C9CC3619C6F}
	EndProjectSection
EndProject
Project("{8BC9CEB8-8B4A-11D0-8D11-00A0C91BC942}") = "EvenOdd", "EvenOdd\EvenOdd.vcxproj", "{5B113DCC-21CC-4EE7-A0EE-4C9CC3619C6F}"
EndProject
Project("{8BC9CEB8-8B4A-11D0-8D11-00A0C91BC942}") = "EvenOdd2", "EvenOdd2\EvenOdd2.vcxproj", "{3EB92F87-F409-420F-8F1F-AEA2A0C7EBF7}"
EndProject
Project("{8BC9CEB8-8B4A-11D0-8D11-00A0C91BC942}") = "EvenOdd3", "EvenOdd3\EvenOdd3.vcxproj", "{A0E05A38-961D-4838-8C73-50C138D2E0FF}"
EndProject
Project("{8BC9CEB8-8B4A-11D0-8D11-00A0C91BC942}") = "rmthread", "..\RmThread2\sample\rmthread\rmthread.vcxproj", "{8A79612D-9E84-4BCA-83D6-121CEBE1072C}"
EndProject
Project("{8BC9CEB8-8B4A-11D0-8D11-00A0C91BC942}") = "EvenOdd4", "EvenOdd4\EvenOdd4.vcxproj", "{440FB6A7-828B-4A4F-8EDA-F54886A1D79E}"
EndProject
Project("{8BC9CEB8-8B4A-11D0-8D11-00A0C91BC942}") = "EvenOdd5", "EvenOdd5\EvenOdd5.vcxproj", "{3612C5E5-E498-4BD9-A4D9-97D0DA4BF34B}"
EndProject
Project("{8BC9CEB8-8B4A-11D0-8D11-00A0C91BC942}") = "EvenOdd6", "EvenOdd6\EvenOdd6.vcxproj", "{73290712-F227-4BF5-AD1D-D0BA44F742A7}"
EndProject
Project("{8BC9CEB8-8B4A-11D0-8D11-00A0C91BC942}") = "DynamicPatch", "DynamicPatch\DynamicPatch.vcxproj", "{051957E9-60B4-4160-83AD-2FCF7F0979AF}"
EndProject
Project("{2150E333-8FDC-42A3-9474-1A3956D46DE8}") = "Beta", "Beta", "{DB6C5025-524E-4286-AED7-A2CD908963B6}"
EndProject
Project("{2150E333-8FDC-42A3-9474-1A3956D46DE8}") = "Tools", "Tools", "{A15EE4DE-337C-483B-8ECF-BDD21D026A9A}"
EndProject
Project("{2150E333-8FDC-42A3-9474-1A3956D46DE8}") = "Other Betas", "Other Betas", "{72E7550E-5756-4584-9503-71EE3EF8D340}"
EndProject
Global
	GlobalSection(SolutionConfigurationPlatforms) = preSolution
		Debug|Win32 = Debug|Win32
		Release|Win32 = Release|Win32
	EndGlobalSection
	GlobalSection(ProjectConfigurationPlatforms) = postSolution
		{52B85F56-542C-4F1A-BCA3-43CEC677A7E3}.Debug|Win32.ActiveCfg = Debug|Win32
		{52B85F56-542C-4F1A-BCA3-43CEC677A7E3}.Debug|Win32.Build.0 = Debug|Win32
		{52B85F56-542C-4F1A-BCA3-43CEC677A7E3}.Release|Win32.ActiveCfg = Release|Win32
		{52B85F56-542C-4F1A-BCA3-43CEC677A7E3}.Release|Win32.Build.0 = Release|Win32
		{5B113DCC-21CC-4EE7-A0EE-4C9CC3619C6F}.Debug|Win32.ActiveCfg = Debug|Win32
		{5B113DCC-21CC-4EE7-A0EE-4C9CC3619C6F}.Debug|Win32.Build.0 = Debug|Win32
		{5B113DCC-21CC-4EE7-A0EE-4C9CC3619C6F}.Release|Win32.ActiveCfg = Release|Win32
		{5B113DCC-21CC-4EE7-A0EE-4C9CC3619C6F}.Release|Win32.Build.0 = Release|Win32
		{3EB92F87-F409-420F-8F1F-AEA2A0C7EBF7}.Debug|Win32.ActiveCfg = Debug|Win32
		{3EB92F87-F409-420F-8F1F-AEA2A0C7EBF7}.Debug|Win32.Build.0 = Debug|Win32
		{3EB92F87-F409-420F-8F1F-AEA2A0C7EBF7}.Release|Win32.ActiveCfg = Release|Win32
		{3EB92F87-F409-420F-8F1F-AEA2A0C7EBF7}.Release|Win32.Build.0 = Release|Win32
		{A0E05A38-961D-4838-8C73-50C138D2E0FF}.Debug|Win32.ActiveCfg = Debug|Win32
		{A0E05A38-961D-4838-8C73-50C138D2E0FF}.Debug|Win32.Build.0 = Debug|Win32
		{A0E05A38-961D-4838-8C73-50C138D2E0FF}.Release|Win32.ActiveCfg = Release|Win32
		{A0E05A38-961D-4838-8C73-50C138D2E0FF}.Release|Win32.Build.0 = Release|Win32
		{8A79612D-9E84-4BCA-83D6-121CEBE1072C}.Debug|Win32.ActiveCfg = Debug|Win32
		{8A79612D-9E84-4BCA-83D6-121CEBE1072C}.Debug|Win32.Build.0 = Debug|Win32
		{8A79612D-9E84-4BCA-83D6-121CEBE1072C}.Release|Win32.ActiveCfg = Release|Win32
		{8A79612D-9E84-4BCA-83D6-121CEBE1072C}.Release|Win32.Build.0 = Release|Win32
		{440FB6A7-828B-4A4F-8EDA-F54886A1D79E}.Debug|Win32.ActiveCfg = Debug|Win32
		{440FB6A7-828B-4A4F-8EDA-F54886A1D79E}.Debug|Win32.Build.0 = Debug|Win32
		{440FB6A7-828B-4A4F-8EDA-F54886A1D79E}.Release|Win32.ActiveCfg = Release|Win32
		{440FB6A7-828B-4A4F-8EDA-F54886A1D79E}.Release|Win32.Build.0 = Release|Win32
		{3612C5E5-E498-4BD9-A4D9-97D0DA4BF34B}.Debug|Win32.ActiveCfg = Debug|Win32
		{3612C5E5-E498-4BD9-A4D9-97D0DA4BF34B}.Debug|Win32.Build.0 = Debug|Win32
		{3612C5E5-E498-4BD9-A4D9-97D0DA4BF34B}.Release|Win32.ActiveCfg = Release|Win32
		{3612C5E5-E498-4BD9-A4D9-97D0DA4BF34B}.Release|Win32.Build.0 = Release|Win32
		{73290712-F227-4BF5-AD1D-D0BA44F742A7}.Debug|Win32.ActiveCfg = Debug|Win32
		{73290712-F227-4BF5-AD1D-D0BA44F742A7}.Debug|Win32.Build.0 = Debug|Win32
		{73290712-F227-4BF5-AD1D-D0BA44F742A7}.Release|Win32.ActiveCfg = Release|Win32
		{73290712-F227-4BF5-AD1D-D0BA44F742A7}.Release|Win32.Build.0 = Release|Win32
		{051957E9-60B4-4160-83AD-2FCF7F0979AF}.Debug|Win32.ActiveCfg = Debug|Win32
		{051957E9-60B4-4160-83AD-2FCF7F0979AF}.Debug|Win32.Build.0 = Debug|Win32
		{051957E9-60B4-4160-83AD-2FCF7F0979AF}.Release|Win32.ActiveCfg = Release|Win32
		{051957E9-60B4-4160-83AD-2FCF7F0979AF}.Release|Win32.Build.0 = Release|Win32
	EndGlobalSection
	GlobalSection(SolutionProperties) = preSolution
		HideSolutionNode = FALSE
	EndGlobalSection
	GlobalSection(NestedProjects) = preSolution
		{52B85F56-542C-4F1A-BCA3-43CEC677A7E3} = {DB6C5025-524E-4286-AED7-A2CD908963B6}
		{5B113DCC-21CC-4EE7-A0EE-4C9CC3619C6F} = {DB6C5025-524E-4286-AED7-A2CD908963B6}
		{051957E9-60B4-4160-83AD-2FCF7F0979AF} = {A15EE4DE-337C-483B-8ECF-BDD21D026A9A}
		{8A79612D-9E84-4BCA-83D6-121CEBE1072C} = {A15EE4DE-337C-483B-8ECF-BDD21D026A9A}
		{73290712-F227-4BF5-AD1D-D0BA44F742A7} = {72E7550E-5756-4584-9503-71EE3EF8D340}
		{3612C5E5-E498-4BD9-A4D9-97D0DA4BF34B} = {72E7550E-5756-4584-9503-71EE3EF8D340}
		{440FB6A7-828B-4A4F-8EDA-F54886A1D79E} = {72E7550E-5756-4584-9503-71EE3EF8D340}
		{A0E05A38-961D-4838-8C73-50C138D2E0FF} = {72E7550E-5756-4584-9503-71EE3EF8D340}
		{3EB92F87-F409-420F-8F1F-AEA2A0C7EBF7} = {72E7550E-5756-4584-9503-71EE3EF8D340}
	EndGlobalSection
EndGlobal
