Microsoft Visual Studio Solution File, Format Version 8.00
Project("{8BC9CEB8-8B4A-11D0-8D11-00A0C91BC942}") = "KeHelloWorld", "KeHelloWorld.vcproj", "{81ECC100-31BA-496F-83D4-2DB0085AD3E1}"
	ProjectSection(ProjectDependencies) = postProject
	EndProjectSection
EndProject
Global
	GlobalSection(SourceCodeControl) = preSolution
		SccNumberOfProjects = 2
		SccLocalPath0 = .
		CanCheckoutShared = false
		SolutionUniqueID = {CBA1CF6C-AE31-4F12-822B-B4E41F018DBE}
		SccProjectUniqueName1 = KeHelloWorld.vcproj
		SccLocalPath1 = .
		CanCheckoutShared = false
	EndGlobalSection
	GlobalSection(SolutionConfiguration) = preSolution
		Debug = Debug
		Release = Release
	EndGlobalSection
	GlobalSection(ProjectConfiguration) = postSolution
		{81ECC100-31BA-496F-83D4-2DB0085AD3E1}.Debug.ActiveCfg = Debug|Win32
		{81ECC100-31BA-496F-83D4-2DB0085AD3E1}.Debug.Build.0 = Debug|Win32
		{81ECC100-31BA-496F-83D4-2DB0085AD3E1}.Release.ActiveCfg = Release|Win32
		{81ECC100-31BA-496F-83D4-2DB0085AD3E1}.Release.Build.0 = Release|Win32
	EndGlobalSection
	GlobalSection(ExtensibilityGlobals) = postSolution
	EndGlobalSection
	GlobalSection(ExtensibilityAddIns) = postSolution
	EndGlobalSection
EndGlobal
