
Microsoft Visual Studio Solution File, Format Version 10.00
# Visual Studio 2008
Project("{8BC9CEB8-8B4A-11D0-8D11-00A0C91BC942}") = "Algorithm", "Algorithm\Algorithm.vcproj", "{C38CAD9B-C4E7-40D1-B286-84991150F6CD}"
EndProject
Project("{8BC9CEB8-8B4A-11D0-8D11-00A0C91BC942}") = "Recursion", "Recursion\Recursion.vcproj", "{AFC6CC0C-000B-4E7B-BDE4-5DBCCA310393}"
EndProject
Project("{8BC9CEB8-8B4A-11D0-8D11-00A0C91BC942}") = "AlgorithmDll", "AlgorithmDll\AlgorithmDll.vcproj", "{A0460004-DC24-47DA-ADDB-8F2533F8E496}"
EndProject
Project("{8BC9CEB8-8B4A-11D0-8D11-00A0C91BC942}") = "AlgorithmLib", "AlgorithmLib\AlgorithmLib.vcproj", "{76E119CD-447D-4CFC-81D0-C7E069A89B7E}"
EndProject
Global
	GlobalSection(SolutionConfigurationPlatforms) = preSolution
		Debug|Win32 = Debug|Win32
		Release|Win32 = Release|Win32
	EndGlobalSection
	GlobalSection(ProjectConfigurationPlatforms) = postSolution
		{C38CAD9B-C4E7-40D1-B286-84991150F6CD}.Debug|Win32.ActiveCfg = Debug|Win32
		{C38CAD9B-C4E7-40D1-B286-84991150F6CD}.Debug|Win32.Build.0 = Debug|Win32
		{C38CAD9B-C4E7-40D1-B286-84991150F6CD}.Release|Win32.ActiveCfg = Release|Win32
		{C38CAD9B-C4E7-40D1-B286-84991150F6CD}.Release|Win32.Build.0 = Release|Win32
		{AFC6CC0C-000B-4E7B-BDE4-5DBCCA310393}.Debug|Win32.ActiveCfg = Debug|Win32
		{AFC6CC0C-000B-4E7B-BDE4-5DBCCA310393}.Debug|Win32.Build.0 = Debug|Win32
		{AFC6CC0C-000B-4E7B-BDE4-5DBCCA310393}.Release|Win32.ActiveCfg = Release|Win32
		{AFC6CC0C-000B-4E7B-BDE4-5DBCCA310393}.Release|Win32.Build.0 = Release|Win32
		{A0460004-DC24-47DA-ADDB-8F2533F8E496}.Debug|Win32.ActiveCfg = Debug|Win32
		{A0460004-DC24-47DA-ADDB-8F2533F8E496}.Debug|Win32.Build.0 = Debug|Win32
		{A0460004-DC24-47DA-ADDB-8F2533F8E496}.Release|Win32.ActiveCfg = Release|Win32
		{A0460004-DC24-47DA-ADDB-8F2533F8E496}.Release|Win32.Build.0 = Release|Win32
		{76E119CD-447D-4CFC-81D0-C7E069A89B7E}.Debug|Win32.ActiveCfg = Debug|Win32
		{76E119CD-447D-4CFC-81D0-C7E069A89B7E}.Debug|Win32.Build.0 = Debug|Win32
		{76E119CD-447D-4CFC-81D0-C7E069A89B7E}.Release|Win32.ActiveCfg = Release|Win32
		{76E119CD-447D-4CFC-81D0-C7E069A89B7E}.Release|Win32.Build.0 = Release|Win32
	EndGlobalSection
	GlobalSection(SolutionProperties) = preSolution
		HideSolutionNode = FALSE
	EndGlobalSection
EndGlobal
