
Microsoft Visual Studio Solution File, Format Version 11.00
# Visual Studio 2010
Project("{8BC9CEB8-8B4A-11D0-8D11-00A0C91BC942}") = "HouaissDecrypter", "HouaissDecrypter.vcxproj", "{9F48CB17-63AD-404E-AC8C-AA278330336C}"
EndProject
Project("{8BC9CEB8-8B4A-11D0-8D11-00A0C91BC942}") = "MyEncrypter", "..\MyEncrypter\MyEncrypter.vcxproj", "{88D3029D-FD37-4EB1-80B0-4E095DDED37B}"
EndProject
Global
	GlobalSection(SolutionConfigurationPlatforms) = preSolution
		Debug|Win32 = Debug|Win32
		Release|Win32 = Release|Win32
	EndGlobalSection
	GlobalSection(ProjectConfigurationPlatforms) = postSolution
		{9F48CB17-63AD-404E-AC8C-AA278330336C}.Debug|Win32.ActiveCfg = Debug|Win32
		{9F48CB17-63AD-404E-AC8C-AA278330336C}.Debug|Win32.Build.0 = Debug|Win32
		{9F48CB17-63AD-404E-AC8C-AA278330336C}.Release|Win32.ActiveCfg = Release|Win32
		{9F48CB17-63AD-404E-AC8C-AA278330336C}.Release|Win32.Build.0 = Release|Win32
		{88D3029D-FD37-4EB1-80B0-4E095DDED37B}.Debug|Win32.ActiveCfg = Debug|Win32
		{88D3029D-FD37-4EB1-80B0-4E095DDED37B}.Debug|Win32.Build.0 = Debug|Win32
		{88D3029D-FD37-4EB1-80B0-4E095DDED37B}.Release|Win32.ActiveCfg = Release|Win32
		{88D3029D-FD37-4EB1-80B0-4E095DDED37B}.Release|Win32.Build.0 = Release|Win32
	EndGlobalSection
	GlobalSection(SolutionProperties) = preSolution
		HideSolutionNode = FALSE
	EndGlobalSection
EndGlobal
