
Microsoft Visual Studio Solution File, Format Version 9.00
# Visual Studio 2005
Project("{8BC9CEB8-8B4A-11D0-8D11-00A0C91BC942}") = "IpcObject", "ipcobject.vcproj", "{0814622A-48CF-4674-9E68-B773D307F5E2}"
EndProject
Project("{8BC9CEB8-8B4A-11D0-8D11-00A0C91BC942}") = "IpcObjTest", "Test\IpcObjTest\IpcObjTest.vcproj", "{6872B952-C228-43E8-8DD3-57EBB6D346B1}"
	ProjectSection(ProjectDependencies) = postProject
		{0814622A-48CF-4674-9E68-B773D307F5E2} = {0814622A-48CF-4674-9E68-B773D307F5E2}
	EndProjectSection
EndProject
Project("{8BC9CEB8-8B4A-11D0-8D11-00A0C91BC942}") = "IpcObjUnitTest", "Test\IpcObjUnitTest\IpcObjUnitTest.vcproj", "{793FE17B-39D7-4DF6-8655-C2DEFB20A04F}"
	ProjectSection(ProjectDependencies) = postProject
		{0814622A-48CF-4674-9E68-B773D307F5E2} = {0814622A-48CF-4674-9E68-B773D307F5E2}
	EndProjectSection
EndProject
Project("{8BC9CEB8-8B4A-11D0-8D11-00A0C91BC942}") = "IpcObjLinkTest", "Test\IpcObjLinkTest\IpcObjLinkTest.vcproj", "{CF95BA9F-1623-477F-A502-E53E081BA757}"
	ProjectSection(ProjectDependencies) = postProject
		{0814622A-48CF-4674-9E68-B773D307F5E2} = {0814622A-48CF-4674-9E68-B773D307F5E2}
	EndProjectSection
EndProject
Project("{2150E333-8FDC-42A3-9474-1A3956D46DE8}") = "Test", "Test", "{AE9FB957-0551-4129-9B0D-6F74B7ED2BD7}"
EndProject
Project("{8BC9CEB8-8B4A-11D0-8D11-00A0C91BC942}") = "IpcObjStressTest", "Test\IpcObjStressTest\IpcObjStressTest.vcproj", "{2599F7DE-9C5F-47D5-BE6B-D9AD1E35577F}"
	ProjectSection(ProjectDependencies) = postProject
		{0814622A-48CF-4674-9E68-B773D307F5E2} = {0814622A-48CF-4674-9E68-B773D307F5E2}
	EndProjectSection
EndProject
Global
	GlobalSection(SourceCodeControl) = preSolution
		SccNumberOfProjects = 6
		SccLocalPath0 = .
		SccProjectUniqueName1 = ipcobject.vcproj
		SccLocalPath1 = .
		SccProjectUniqueName2 = Test\\IpcObjLinkTest\\IpcObjLinkTest.vcproj
		SccProjectTopLevelParentUniqueName2 = IpcObject.sln
		SccLocalPath2 = .
		SccProjectFilePathRelativizedFromConnection2 = Test\\IpcObjLinkTest\\
		SccProjectUniqueName3 = Test\\IpcObjStressTest\\IpcObjStressTest.vcproj
		SccProjectTopLevelParentUniqueName3 = IpcObject.sln
		SccLocalPath3 = .
		SccProjectFilePathRelativizedFromConnection3 = Test\\IpcObjStressTest\\
		SccProjectUniqueName4 = Test\\IpcObjTest\\IpcObjTest.vcproj
		SccProjectTopLevelParentUniqueName4 = IpcObject.sln
		SccLocalPath4 = .
		SccProjectFilePathRelativizedFromConnection4 = Test\\IpcObjTest\\
		SccProjectUniqueName5 = Test\\IpcObjUnitTest\\IpcObjUnitTest.vcproj
		SccProjectTopLevelParentUniqueName5 = IpcObject.sln
		SccLocalPath5 = .
		SccProjectFilePathRelativizedFromConnection5 = Test\\IpcObjUnitTest\\
	EndGlobalSection
	GlobalSection(SolutionConfigurationPlatforms) = preSolution
		Debug|Win32 = Debug|Win32
		Release|Win32 = Release|Win32
	EndGlobalSection
	GlobalSection(ProjectConfigurationPlatforms) = postSolution
		{0814622A-48CF-4674-9E68-B773D307F5E2}.Debug|Win32.ActiveCfg = Debug|Win32
		{0814622A-48CF-4674-9E68-B773D307F5E2}.Debug|Win32.Build.0 = Debug|Win32
		{0814622A-48CF-4674-9E68-B773D307F5E2}.Release|Win32.ActiveCfg = Release|Win32
		{0814622A-48CF-4674-9E68-B773D307F5E2}.Release|Win32.Build.0 = Release|Win32
		{6872B952-C228-43E8-8DD3-57EBB6D346B1}.Debug|Win32.ActiveCfg = Debug|Win32
		{6872B952-C228-43E8-8DD3-57EBB6D346B1}.Debug|Win32.Build.0 = Debug|Win32
		{6872B952-C228-43E8-8DD3-57EBB6D346B1}.Release|Win32.ActiveCfg = Release|Win32
		{6872B952-C228-43E8-8DD3-57EBB6D346B1}.Release|Win32.Build.0 = Release|Win32
		{793FE17B-39D7-4DF6-8655-C2DEFB20A04F}.Debug|Win32.ActiveCfg = Debug|Win32
		{793FE17B-39D7-4DF6-8655-C2DEFB20A04F}.Debug|Win32.Build.0 = Debug|Win32
		{793FE17B-39D7-4DF6-8655-C2DEFB20A04F}.Release|Win32.ActiveCfg = Release|Win32
		{793FE17B-39D7-4DF6-8655-C2DEFB20A04F}.Release|Win32.Build.0 = Release|Win32
		{CF95BA9F-1623-477F-A502-E53E081BA757}.Debug|Win32.ActiveCfg = Debug|Win32
		{CF95BA9F-1623-477F-A502-E53E081BA757}.Debug|Win32.Build.0 = Debug|Win32
		{CF95BA9F-1623-477F-A502-E53E081BA757}.Release|Win32.ActiveCfg = Release|Win32
		{CF95BA9F-1623-477F-A502-E53E081BA757}.Release|Win32.Build.0 = Release|Win32
		{2599F7DE-9C5F-47D5-BE6B-D9AD1E35577F}.Debug|Win32.ActiveCfg = Debug|Win32
		{2599F7DE-9C5F-47D5-BE6B-D9AD1E35577F}.Debug|Win32.Build.0 = Debug|Win32
		{2599F7DE-9C5F-47D5-BE6B-D9AD1E35577F}.Release|Win32.ActiveCfg = Release|Win32
		{2599F7DE-9C5F-47D5-BE6B-D9AD1E35577F}.Release|Win32.Build.0 = Release|Win32
	EndGlobalSection
	GlobalSection(SolutionProperties) = preSolution
		HideSolutionNode = FALSE
	EndGlobalSection
	GlobalSection(NestedProjects) = preSolution
		{793FE17B-39D7-4DF6-8655-C2DEFB20A04F} = {AE9FB957-0551-4129-9B0D-6F74B7ED2BD7}
		{CF95BA9F-1623-477F-A502-E53E081BA757} = {AE9FB957-0551-4129-9B0D-6F74B7ED2BD7}
		{6872B952-C228-43E8-8DD3-57EBB6D346B1} = {AE9FB957-0551-4129-9B0D-6F74B7ED2BD7}
		{2599F7DE-9C5F-47D5-BE6B-D9AD1E35577F} = {AE9FB957-0551-4129-9B0D-6F74B7ED2BD7}
	EndGlobalSection
EndGlobal
