
Microsoft Visual Studio Solution File, Format Version 9.00
# Visual Studio 2005
Project("{8BC9CEB8-8B4A-11D0-8D11-00A0C91BC942}") = "gpahook", "gpahook\gpahook.vcproj", "{9760D86B-3B21-4047-BF23-FE03042CA774}"
EndProject
Project("{8BC9CEB8-8B4A-11D0-8D11-00A0C91BC942}") = "gpahooktest", "gpahooktest\gpahooktest.vcproj", "{7CC3F20F-92E1-4928-ACF7-D7E8317116DE}"
	ProjectSection(ProjectDependencies) = postProject
		{9760D86B-3B21-4047-BF23-FE03042CA774} = {9760D86B-3B21-4047-BF23-FE03042CA774}
	EndProjectSection
EndProject
Project("{8BC9CEB8-8B4A-11D0-8D11-00A0C91BC942}") = "gpahooker", "gpahooker\gpahooker.vcproj", "{C4A65EFB-B5E4-435A-94AF-32904B99AD71}"
EndProject
Project("{8BC9CEB8-8B4A-11D0-8D11-00A0C91BC942}") = "gpa", "gpa\gpa.vcproj", "{26092482-3A4E-41BA-B098-37AD9E2BE872}"
EndProject
Global
	GlobalSection(SourceCodeControl) = preSolution
		SccNumberOfProjects = 5
		SccLocalPath0 = .
		SccProjectUniqueName1 = gpa\\gpa.vcproj
		SccLocalPath1 = .
		SccProjectFilePathRelativizedFromConnection1 = gpa\\
		SccProjectUniqueName2 = gpahook\\gpahook.vcproj
		SccLocalPath2 = .
		SccProjectFilePathRelativizedFromConnection2 = gpahook\\
		SccProjectUniqueName3 = gpahooker\\gpahooker.vcproj
		SccLocalPath3 = .
		SccProjectFilePathRelativizedFromConnection3 = gpahooker\\
		SccProjectUniqueName4 = gpahooktest\\gpahooktest.vcproj
		SccLocalPath4 = .
		SccProjectFilePathRelativizedFromConnection4 = gpahooktest\\
	EndGlobalSection
	GlobalSection(SolutionConfigurationPlatforms) = preSolution
		Debug|Win32 = Debug|Win32
		Release|Win32 = Release|Win32
	EndGlobalSection
	GlobalSection(ProjectConfigurationPlatforms) = postSolution
		{9760D86B-3B21-4047-BF23-FE03042CA774}.Debug|Win32.ActiveCfg = Debug|Win32
		{9760D86B-3B21-4047-BF23-FE03042CA774}.Debug|Win32.Build.0 = Debug|Win32
		{9760D86B-3B21-4047-BF23-FE03042CA774}.Release|Win32.ActiveCfg = Release|Win32
		{9760D86B-3B21-4047-BF23-FE03042CA774}.Release|Win32.Build.0 = Release|Win32
		{7CC3F20F-92E1-4928-ACF7-D7E8317116DE}.Debug|Win32.ActiveCfg = Debug|Win32
		{7CC3F20F-92E1-4928-ACF7-D7E8317116DE}.Debug|Win32.Build.0 = Debug|Win32
		{7CC3F20F-92E1-4928-ACF7-D7E8317116DE}.Release|Win32.ActiveCfg = Release|Win32
		{7CC3F20F-92E1-4928-ACF7-D7E8317116DE}.Release|Win32.Build.0 = Release|Win32
		{C4A65EFB-B5E4-435A-94AF-32904B99AD71}.Debug|Win32.ActiveCfg = Debug|Win32
		{C4A65EFB-B5E4-435A-94AF-32904B99AD71}.Debug|Win32.Build.0 = Debug|Win32
		{C4A65EFB-B5E4-435A-94AF-32904B99AD71}.Release|Win32.ActiveCfg = Release|Win32
		{C4A65EFB-B5E4-435A-94AF-32904B99AD71}.Release|Win32.Build.0 = Release|Win32
		{26092482-3A4E-41BA-B098-37AD9E2BE872}.Debug|Win32.ActiveCfg = Debug|Win32
		{26092482-3A4E-41BA-B098-37AD9E2BE872}.Debug|Win32.Build.0 = Debug|Win32
		{26092482-3A4E-41BA-B098-37AD9E2BE872}.Release|Win32.ActiveCfg = Release|Win32
		{26092482-3A4E-41BA-B098-37AD9E2BE872}.Release|Win32.Build.0 = Release|Win32
	EndGlobalSection
	GlobalSection(SolutionProperties) = preSolution
		HideSolutionNode = FALSE
	EndGlobalSection
EndGlobal
