Microsoft Visual Studio Solution File, Format Version 8.00
Project("{8BC9CEB8-8B4A-11D0-8D11-00A0C91BC942}") = "RmThread", "Sample\RmThread\RmThread.vcproj", "{8A79612D-9E84-4BCA-83D6-121CEBE1072C}"
	ProjectSection(ProjectDependencies) = postProject
	EndProjectSection
EndProject
Project("{8BC9CEB8-8B4A-11D0-8D11-00A0C91BC942}") = "RmThread.dll", "Sample\RmThread.dll\RmThread.dll.vcproj", "{9A53CF5D-EA49-4367-8328-D6A6F6F98ACE}"
	ProjectSection(ProjectDependencies) = postProject
	EndProjectSection
EndProject
Global
	GlobalSection(SourceCodeControl) = preSolution
		SccNumberOfProjects = 3
		SccLocalPath0 = .
		CanCheckoutShared = false
		SolutionUniqueID = {2E7413A9-54E7-43AE-ACBA-4E9CEDB56A21}
		SccProjectUniqueName1 = Sample\\RmThread.dll\\RmThread.dll.vcproj
		SccLocalPath1 = .
		CanCheckoutShared = false
		SccProjectFilePathRelativizedFromConnection1 = Sample\\RmThread.dll\\
		SccProjectUniqueName2 = Sample\\RmThread\\RmThread.vcproj
		SccLocalPath2 = .
		CanCheckoutShared = false
		SccProjectFilePathRelativizedFromConnection2 = Sample\\RmThread\\
	EndGlobalSection
	GlobalSection(SolutionConfiguration) = preSolution
		Debug = Debug
		Debug UNICODE = Debug UNICODE
		Release = Release
		Release UNICODE = Release UNICODE
	EndGlobalSection
	GlobalSection(ProjectConfiguration) = postSolution
		{8A79612D-9E84-4BCA-83D6-121CEBE1072C}.Debug.ActiveCfg = Debug|Win32
		{8A79612D-9E84-4BCA-83D6-121CEBE1072C}.Debug.Build.0 = Debug|Win32
		{8A79612D-9E84-4BCA-83D6-121CEBE1072C}.Debug UNICODE.ActiveCfg = Debug UNICODE|Win32
		{8A79612D-9E84-4BCA-83D6-121CEBE1072C}.Debug UNICODE.Build.0 = Debug UNICODE|Win32
		{8A79612D-9E84-4BCA-83D6-121CEBE1072C}.Release.ActiveCfg = Release|Win32
		{8A79612D-9E84-4BCA-83D6-121CEBE1072C}.Release.Build.0 = Release|Win32
		{8A79612D-9E84-4BCA-83D6-121CEBE1072C}.Release UNICODE.ActiveCfg = Release UNICODE|Win32
		{8A79612D-9E84-4BCA-83D6-121CEBE1072C}.Release UNICODE.Build.0 = Release UNICODE|Win32
		{9A53CF5D-EA49-4367-8328-D6A6F6F98ACE}.Debug.ActiveCfg = Debug|Win32
		{9A53CF5D-EA49-4367-8328-D6A6F6F98ACE}.Debug.Build.0 = Debug|Win32
		{9A53CF5D-EA49-4367-8328-D6A6F6F98ACE}.Debug UNICODE.ActiveCfg = Debug UNICODE|Win32
		{9A53CF5D-EA49-4367-8328-D6A6F6F98ACE}.Debug UNICODE.Build.0 = Debug UNICODE|Win32
		{9A53CF5D-EA49-4367-8328-D6A6F6F98ACE}.Release.ActiveCfg = Release|Win32
		{9A53CF5D-EA49-4367-8328-D6A6F6F98ACE}.Release.Build.0 = Release|Win32
		{9A53CF5D-EA49-4367-8328-D6A6F6F98ACE}.Release UNICODE.ActiveCfg = Release UNICODE|Win32
		{9A53CF5D-EA49-4367-8328-D6A6F6F98ACE}.Release UNICODE.Build.0 = Release UNICODE|Win32
	EndGlobalSection
	GlobalSection(ExtensibilityGlobals) = postSolution
	EndGlobalSection
	GlobalSection(ExtensibilityAddIns) = postSolution
	EndGlobalSection
EndGlobal
