Microsoft Visual Studio Solution File, Format Version 8.00
Project("{8BC9CEB8-8B4A-11D0-8D11-00A0C91BC942}") = "ruskey", "ruskey\ruskey.vcproj", "{9BD7471D-1D7E-4C94-BC1C-B50AAA14DF81}"
	ProjectSection(ProjectDependencies) = postProject
	EndProjectSection
EndProject
Project("{8BC9CEB8-8B4A-11D0-8D11-00A0C91BC942}") = "ruskeydll", "ruskeydll\ruskeydll.vcproj", "{75E1F9CA-04F1-423E-927D-800D31EAE6F6}"
	ProjectSection(ProjectDependencies) = postProject
	EndProjectSection
EndProject
Global
	GlobalSection(SolutionConfiguration) = preSolution
		Debug = Debug
		Release = Release
	EndGlobalSection
	GlobalSection(ProjectConfiguration) = postSolution
		{9BD7471D-1D7E-4C94-BC1C-B50AAA14DF81}.Debug.ActiveCfg = Debug|Win32
		{9BD7471D-1D7E-4C94-BC1C-B50AAA14DF81}.Debug.Build.0 = Debug|Win32
		{9BD7471D-1D7E-4C94-BC1C-B50AAA14DF81}.Release.ActiveCfg = Release|Win32
		{9BD7471D-1D7E-4C94-BC1C-B50AAA14DF81}.Release.Build.0 = Release|Win32
		{75E1F9CA-04F1-423E-927D-800D31EAE6F6}.Debug.ActiveCfg = Debug|Win32
		{75E1F9CA-04F1-423E-927D-800D31EAE6F6}.Debug.Build.0 = Debug|Win32
		{75E1F9CA-04F1-423E-927D-800D31EAE6F6}.Release.ActiveCfg = Release|Win32
		{75E1F9CA-04F1-423E-927D-800D31EAE6F6}.Release.Build.0 = Release|Win32
	EndGlobalSection
	GlobalSection(ExtensibilityGlobals) = postSolution
	EndGlobalSection
	GlobalSection(ExtensibilityAddIns) = postSolution
	EndGlobalSection
EndGlobal
