Microsoft Visual Studio Solution File, Format Version 8.00
Project("{8BC9CEB8-8B4A-11D0-8D11-00A0C91BC942}") = "lotomania", "lotomania.vcproj", "{21875A41-9505-475B-9B68-A758CEE99589}"
	ProjectSection(ProjectDependencies) = postProject
	EndProjectSection
EndProject
Global
	GlobalSection(SourceCodeControl) = preSolution
		SccNumberOfProjects = 2
		SccLocalPath0 = .
		CanCheckoutShared = false
		SolutionUniqueID = {985A1057-3617-42C9-BA39-980765802BD6}
		SccProjectUniqueName1 = lotomania.vcproj
		SccLocalPath1 = .
		CanCheckoutShared = false
	EndGlobalSection
	GlobalSection(SolutionConfiguration) = preSolution
		Debug = Debug
		Release = Release
	EndGlobalSection
	GlobalSection(ProjectConfiguration) = postSolution
		{21875A41-9505-475B-9B68-A758CEE99589}.Debug.ActiveCfg = Debug|Win32
		{21875A41-9505-475B-9B68-A758CEE99589}.Debug.Build.0 = Debug|Win32
		{21875A41-9505-475B-9B68-A758CEE99589}.Release.ActiveCfg = Release|Win32
		{21875A41-9505-475B-9B68-A758CEE99589}.Release.Build.0 = Release|Win32
	EndGlobalSection
	GlobalSection(ExtensibilityGlobals) = postSolution
	EndGlobalSection
	GlobalSection(ExtensibilityAddIns) = postSolution
	EndGlobalSection
EndGlobal
