
Microsoft Visual Studio Solution File, Format Version 9.00
# Visual Studio 2005
Project("{8BC9CEB8-8B4A-11D0-8D11-00A0C91BC942}") = "PE", "PE.vcproj", "{AB2DE2AA-05FB-4C88-A71C-22B491816E82}"
EndProject
Project("{8BC9CEB8-8B4A-11D0-8D11-00A0C91BC942}") = "PETest", "Test\PETest\PETest.vcproj", "{98F403C4-5FA9-40D8-9993-81BF76038D44}"
	ProjectSection(ProjectDependencies) = postProject
		{AB2DE2AA-05FB-4C88-A71C-22B491816E82} = {AB2DE2AA-05FB-4C88-A71C-22B491816E82}
	EndProjectSection
EndProject
Global
	GlobalSection(SourceCodeControl) = preSolution
		SccNumberOfProjects = 3
		SccLocalPath0 = .
		SccProjectUniqueName1 = PE.vcproj
		SccLocalPath1 = .
		SccProjectUniqueName2 = Test\\PETest\\PETest.vcproj
		SccLocalPath2 = .
		SccProjectFilePathRelativizedFromConnection2 = Test\\PETest\\
	EndGlobalSection
	GlobalSection(SolutionConfigurationPlatforms) = preSolution
		Debug|Win32 = Debug|Win32
		Release|Win32 = Release|Win32
	EndGlobalSection
	GlobalSection(ProjectConfigurationPlatforms) = postSolution
		{AB2DE2AA-05FB-4C88-A71C-22B491816E82}.Debug|Win32.ActiveCfg = Debug|Win32
		{AB2DE2AA-05FB-4C88-A71C-22B491816E82}.Debug|Win32.Build.0 = Debug|Win32
		{AB2DE2AA-05FB-4C88-A71C-22B491816E82}.Release|Win32.ActiveCfg = Release|Win32
		{AB2DE2AA-05FB-4C88-A71C-22B491816E82}.Release|Win32.Build.0 = Release|Win32
		{98F403C4-5FA9-40D8-9993-81BF76038D44}.Debug|Win32.ActiveCfg = Debug|Win32
		{98F403C4-5FA9-40D8-9993-81BF76038D44}.Debug|Win32.Build.0 = Debug|Win32
		{98F403C4-5FA9-40D8-9993-81BF76038D44}.Release|Win32.ActiveCfg = Release|Win32
		{98F403C4-5FA9-40D8-9993-81BF76038D44}.Release|Win32.Build.0 = Release|Win32
	EndGlobalSection
	GlobalSection(SolutionProperties) = preSolution
		HideSolutionNode = FALSE
	EndGlobalSection
EndGlobal
