
Microsoft Visual Studio Solution File, Format Version 12.00
# Visual Studio 2013
VisualStudioVersion = 12.0.21005.1
MinimumVisualStudioVersion = 10.0.40219.1
Project("{8BC9CEB8-8B4A-11D0-8D11-00A0C91BC942}") = "VS2013CPP11", "VS2013CPP11.vcxproj", "{DB759CCA-98B6-4AA9-BD61-06BCADD71193}"
EndProject
Global
	GlobalSection(SolutionConfigurationPlatforms) = preSolution
		Debug|Win32 = Debug|Win32
		DebugCTP|Win32 = DebugCTP|Win32
		DebugVS2008|Win32 = DebugVS2008|Win32
		DebugVS2010|Win32 = DebugVS2010|Win32
		Release|Win32 = Release|Win32
		ReleaseCTP|Win32 = ReleaseCTP|Win32
		ReleaseVS2008|Win32 = ReleaseVS2008|Win32
		ReleaseVS2010|Win32 = ReleaseVS2010|Win32
	EndGlobalSection
	GlobalSection(ProjectConfigurationPlatforms) = postSolution
		{DB759CCA-98B6-4AA9-BD61-06BCADD71193}.Debug|Win32.ActiveCfg = Debug|Win32
		{DB759CCA-98B6-4AA9-BD61-06BCADD71193}.Debug|Win32.Build.0 = Debug|Win32
		{DB759CCA-98B6-4AA9-BD61-06BCADD71193}.DebugCTP|Win32.ActiveCfg = DebugCTP|Win32
		{DB759CCA-98B6-4AA9-BD61-06BCADD71193}.DebugCTP|Win32.Build.0 = DebugCTP|Win32
		{DB759CCA-98B6-4AA9-BD61-06BCADD71193}.DebugVS2008|Win32.ActiveCfg = DebugVS2008|Win32
		{DB759CCA-98B6-4AA9-BD61-06BCADD71193}.DebugVS2008|Win32.Build.0 = DebugVS2008|Win32
		{DB759CCA-98B6-4AA9-BD61-06BCADD71193}.DebugVS2010|Win32.ActiveCfg = DebugVS2010|Win32
		{DB759CCA-98B6-4AA9-BD61-06BCADD71193}.DebugVS2010|Win32.Build.0 = DebugVS2010|Win32
		{DB759CCA-98B6-4AA9-BD61-06BCADD71193}.Release|Win32.ActiveCfg = Release|Win32
		{DB759CCA-98B6-4AA9-BD61-06BCADD71193}.Release|Win32.Build.0 = Release|Win32
		{DB759CCA-98B6-4AA9-BD61-06BCADD71193}.ReleaseCTP|Win32.ActiveCfg = ReleaseCTP|Win32
		{DB759CCA-98B6-4AA9-BD61-06BCADD71193}.ReleaseCTP|Win32.Build.0 = ReleaseCTP|Win32
		{DB759CCA-98B6-4AA9-BD61-06BCADD71193}.ReleaseVS2008|Win32.ActiveCfg = ReleaseVS2008|Win32
		{DB759CCA-98B6-4AA9-BD61-06BCADD71193}.ReleaseVS2008|Win32.Build.0 = ReleaseVS2008|Win32
		{DB759CCA-98B6-4AA9-BD61-06BCADD71193}.ReleaseVS2010|Win32.ActiveCfg = ReleaseVS2010|Win32
		{DB759CCA-98B6-4AA9-BD61-06BCADD71193}.ReleaseVS2010|Win32.Build.0 = ReleaseVS2010|Win32
	EndGlobalSection
	GlobalSection(SolutionProperties) = preSolution
		HideSolutionNode = FALSE
	EndGlobalSection
EndGlobal
