
Microsoft Visual Studio Solution File, Format Version 11.00
# Visual Studio 2010
Project("{8BC9CEB8-8B4A-11D0-8D11-00A0C91BC942}") = "PrintBinario", "PrintBinario.vcxproj", "{BC1CE3C3-5C4B-4027-8A84-96287C22CED1}"
EndProject
Global
	GlobalSection(SolutionConfigurationPlatforms) = preSolution
		Debug|Win32 = Debug|Win32
		Release|Win32 = Release|Win32
	EndGlobalSection
	GlobalSection(ProjectConfigurationPlatforms) = postSolution
		{BC1CE3C3-5C4B-4027-8A84-96287C22CED1}.Debug|Win32.ActiveCfg = Debug|Win32
		{BC1CE3C3-5C4B-4027-8A84-96287C22CED1}.Debug|Win32.Build.0 = Debug|Win32
		{BC1CE3C3-5C4B-4027-8A84-96287C22CED1}.Release|Win32.ActiveCfg = Release|Win32
		{BC1CE3C3-5C4B-4027-8A84-96287C22CED1}.Release|Win32.Build.0 = Release|Win32
	EndGlobalSection
	GlobalSection(SolutionProperties) = preSolution
		HideSolutionNode = FALSE
	EndGlobalSection
EndGlobal
