<?xml version="1.0" encoding="utf-8"?>
<Project ToolsVersion="4.0" xmlns="http://schemas.microsoft.com/developer/msbuild/2003">
  <ItemGroup>
    <Filter Include="Source Files">
      <UniqueIdentifier>{4FC737F1-C7A5-4376-A066-2A32D752A2FF}</UniqueIdentifier>
      <Extensions>cpp;c;cc;cxx;def;odl;idl;hpj;bat;asm;asmx</Extensions>
    </Filter>
    <Filter Include="Header Files">
      <UniqueIdentifier>{93995380-89BD-4b04-88EB-625FBE52EBFB}</UniqueIdentifier>
      <Extensions>h;hh;hpp;hxx;hm;inl;inc;xsd</Extensions>
    </Filter>
    <Filter Include="Resource Files">
      <UniqueIdentifier>{67DA6AB6-F800-4c08-8B7A-83BB121AAD01}</UniqueIdentifier>
      <Extensions>rc;ico;cur;bmp;dlg;rc2;rct;bin;rgs;gif;jpg;jpeg;jpe;resx;tiff;tif;png;wav;mfcribbon-ms</Extensions>
    </Filter>
    <Filter Include="Source Files\VS2010">
      <UniqueIdentifier>{f39904b4-6794-43de-91f1-8e8e669e3497}</UniqueIdentifier>
    </Filter>
    <Filter Include="Source Files\VS2008">
      <UniqueIdentifier>{86806fab-1d4f-4bf2-aad4-ea7527dfe858}</UniqueIdentifier>
    </Filter>
    <Filter Include="Source Files\VS2013">
      <UniqueIdentifier>{00603475-3d39-42b7-8123-875bf0c08db8}</UniqueIdentifier>
    </Filter>
    <Filter Include="Source Files\VS2013CTP">
      <UniqueIdentifier>{99b25dfe-88e3-4e3d-a530-6a7cdf848acf}</UniqueIdentifier>
    </Filter>
  </ItemGroup>
  <ItemGroup>
    <ClCompile Include="VS2013CPP11.cpp">
      <Filter>Source Files</Filter>
    </ClCompile>
    <ClCompile Include="Hello.cpp">
      <Filter>Source Files\VS2013CTP</Filter>
    </ClCompile>
  </ItemGroup>
  <ItemGroup>
    <ClInclude Include="VS2013CPP11.h">
      <Filter>Header Files</Filter>
    </ClInclude>
  </ItemGroup>
</Project>