
Microsoft Visual Studio Solution File, Format Version 12.00
# Visual Studio Version 17
VisualStudioVersion = 17.13.35919.96 d17.13
MinimumVisualStudioVersion = 10.0.40219.1
Project("{FAE04EC0-301F-11D3-BF4B-00C04F79EFBC}") = "Journal", "Journal.csproj", "{03129213-4A31-4F5A-BEB0-E1A4A881FB3D}"
EndProject
Global
	GlobalSection(SolutionConfigurationPlatforms) = preSolution
		Debug|Any CPU = Debug|Any CPU
		Release|Any CPU = Release|Any CPU
	EndGlobalSection
	GlobalSection(ProjectConfigurationPlatforms) = postSolution
		{03129213-4A31-4F5A-BEB0-E1A4A881FB3D}.Debug|Any CPU.ActiveCfg = Debug|Any CPU
		{03129213-4A31-4F5A-BEB0-E1A4A881FB3D}.Debug|Any CPU.Build.0 = Debug|Any CPU
		{03129213-4A31-4F5A-BEB0-E1A4A881FB3D}.Release|Any CPU.ActiveCfg = Release|Any CPU
		{03129213-4A31-4F5A-BEB0-E1A4A881FB3D}.Release|Any CPU.Build.0 = Release|Any CPU
	EndGlobalSection
	GlobalSection(SolutionProperties) = preSolution
		HideSolutionNode = FALSE
	EndGlobalSection
	GlobalSection(ExtensibilityGlobals) = postSolution
		SolutionGuid = {39262763-4BBB-4D4F-8E34-D7C2E8D6282E}
	EndGlobalSection
EndGlobal
