Microsoft Visual Studio Solution File, Format Version 8.00
Project("{8BC9CEB8-8B4A-11D0-8D11-00A0C91BC942}") = "mscindy", "mscindy.vcproj", "{09FBC1A2-8D00-4FB5-B6B1-2D6E55154D1F}"
	ProjectSection(ProjectDependencies) = postProject
	EndProjectSection
EndProject
Global
	GlobalSection(SourceCodeControl) = preSolution
		SccNumberOfProjects = 2
		SccLocalPath0 = .
		CanCheckoutShared = false
		SolutionUniqueID = {ACAEF747-0F4F-4224-A161-28EFA9AAB2C0}
		SccProjectUniqueName1 = mscindy.vcproj
		SccLocalPath1 = .
		CanCheckoutShared = false
	EndGlobalSection
	GlobalSection(SolutionConfiguration) = preSolution
		Debug = Debug
		Release = Release
	EndGlobalSection
	GlobalSection(ProjectConfiguration) = postSolution
		{09FBC1A2-8D00-4FB5-B6B1-2D6E55154D1F}.Debug.ActiveCfg = Debug|Win32
		{09FBC1A2-8D00-4FB5-B6B1-2D6E55154D1F}.Debug.Build.0 = Debug|Win32
		{09FBC1A2-8D00-4FB5-B6B1-2D6E55154D1F}.Release.ActiveCfg = Release|Win32
		{09FBC1A2-8D00-4FB5-B6B1-2D6E55154D1F}.Release.Build.0 = Release|Win32
	EndGlobalSection
	GlobalSection(ExtensibilityGlobals) = postSolution
	EndGlobalSection
	GlobalSection(ExtensibilityAddIns) = postSolution
	EndGlobalSection
EndGlobal
