Microsoft Visual Studio Solution File, Format Version 8.00
Project("{8BC9CEB8-8B4A-11D0-8D11-00A0C91BC942}") = "rebuilder", "ReBuilder.vcproj", "{D76DCC79-BE70-4F11-A09B-5B2E86E67B6D}"
	ProjectSection(ProjectDependencies) = postProject
	EndProjectSection
EndProject
Global
	GlobalSection(SolutionConfiguration) = preSolution
		Debug = Debug
		Release = Release
	EndGlobalSection
	GlobalSection(ProjectConfiguration) = postSolution
		{D76DCC79-BE70-4F11-A09B-5B2E86E67B6D}.Debug.ActiveCfg = Debug|Win32
		{D76DCC79-BE70-4F11-A09B-5B2E86E67B6D}.Debug.Build.0 = Debug|Win32
		{D76DCC79-BE70-4F11-A09B-5B2E86E67B6D}.Release.ActiveCfg = Release|Win32
		{D76DCC79-BE70-4F11-A09B-5B2E86E67B6D}.Release.Build.0 = Release|Win32
	EndGlobalSection
	GlobalSection(ExtensibilityGlobals) = postSolution
	EndGlobalSection
	GlobalSection(ExtensibilityAddIns) = postSolution
	EndGlobalSection
EndGlobal
