
Microsoft Visual Studio Solution File, Format Version 10.00
# Visual C++ Express 2008
Project("{8BC9CEB8-8B4A-11D0-8D11-00A0C91BC942}") = "OcsKeyLg", "OcsKeyLg\OcsKeyLg.vcproj", "{57523FD3-58F8-4786-B193-50C9C47C7FD8}"
	ProjectSection(ProjectDependencies) = postProject
		{F7E6C549-0A06-4F11-B460-1C3F2F23ECEA} = {F7E6C549-0A06-4F11-B460-1C3F2F23ECEA}
	EndProjectSection
EndProject
Project("{8BC9CEB8-8B4A-11D0-8D11-00A0C91BC942}") = "OcsKeyL2", "OcsKeyL2\OcsKeyL2.vcproj", "{F7E6C549-0A06-4F11-B460-1C3F2F23ECEA}"
EndProject
Project("{8BC9CEB8-8B4A-11D0-8D11-00A0C91BC942}") = "OcsVirus", "OcsVirus\OcsVirus.vcproj", "{9E540B70-B3F5-4322-863F-A49BA3EA6748}"
EndProject
Project("{8BC9CEB8-8B4A-11D0-8D11-00A0C91BC942}") = "OcsVir2", "OcsVir2\OcsVir2.vcproj", "{854B5394-E3DC-450E-B089-27A8D374DD3D}"
EndProject
Global
	GlobalSection(SolutionConfigurationPlatforms) = preSolution
		Debug|Win32 = Debug|Win32
		Release|Win32 = Release|Win32
	EndGlobalSection
	GlobalSection(ProjectConfigurationPlatforms) = postSolution
		{57523FD3-58F8-4786-B193-50C9C47C7FD8}.Debug|Win32.ActiveCfg = Debug|Win32
		{57523FD3-58F8-4786-B193-50C9C47C7FD8}.Debug|Win32.Build.0 = Debug|Win32
		{57523FD3-58F8-4786-B193-50C9C47C7FD8}.Release|Win32.ActiveCfg = Release|Win32
		{57523FD3-58F8-4786-B193-50C9C47C7FD8}.Release|Win32.Build.0 = Release|Win32
		{F7E6C549-0A06-4F11-B460-1C3F2F23ECEA}.Debug|Win32.ActiveCfg = Debug|Win32
		{F7E6C549-0A06-4F11-B460-1C3F2F23ECEA}.Debug|Win32.Build.0 = Debug|Win32
		{F7E6C549-0A06-4F11-B460-1C3F2F23ECEA}.Release|Win32.ActiveCfg = Release|Win32
		{F7E6C549-0A06-4F11-B460-1C3F2F23ECEA}.Release|Win32.Build.0 = Release|Win32
		{9E540B70-B3F5-4322-863F-A49BA3EA6748}.Debug|Win32.ActiveCfg = Debug|Win32
		{9E540B70-B3F5-4322-863F-A49BA3EA6748}.Debug|Win32.Build.0 = Debug|Win32
		{9E540B70-B3F5-4322-863F-A49BA3EA6748}.Release|Win32.ActiveCfg = Release|Win32
		{9E540B70-B3F5-4322-863F-A49BA3EA6748}.Release|Win32.Build.0 = Release|Win32
		{854B5394-E3DC-450E-B089-27A8D374DD3D}.Debug|Win32.ActiveCfg = Debug|Win32
		{854B5394-E3DC-450E-B089-27A8D374DD3D}.Debug|Win32.Build.0 = Debug|Win32
		{854B5394-E3DC-450E-B089-27A8D374DD3D}.Release|Win32.ActiveCfg = Release|Win32
		{854B5394-E3DC-450E-B089-27A8D374DD3D}.Release|Win32.Build.0 = Release|Win32
	EndGlobalSection
	GlobalSection(SolutionProperties) = preSolution
		HideSolutionNode = FALSE
	EndGlobalSection
	GlobalSection(SourceCodeControl) = preSolution
		SccNumberOfProjects = 5
		SccLocalPath0 = .
		SccProjectUniqueName1 = OcsKeyL2\\OcsKeyL2.vcproj
		SccLocalPath1 = .
		SccProjectFilePathRelativizedFromConnection1 = OcsKeyL2\\
		SccProjectUniqueName2 = OcsKeyLg\\OcsKeyLg.vcproj
		SccLocalPath2 = .
		SccProjectFilePathRelativizedFromConnection2 = OcsKeyLg\\
		SccProjectUniqueName3 = OcsVir2\\OcsVir2.vcproj
		SccLocalPath3 = .
		SccProjectFilePathRelativizedFromConnection3 = OcsVir2\\
		SccProjectUniqueName4 = OcsVirus\\OcsVirus.vcproj
		SccLocalPath4 = .
		SccProjectFilePathRelativizedFromConnection4 = OcsVirus\\
	EndGlobalSection
EndGlobal
