
Microsoft Visual Studio Solution File, Format Version 10.00
# Visual C++ Express 2008
Project("{8BC9CEB8-8B4A-11D0-8D11-00A0C91BC942}") = "KernelEcho", "KernelEcho.vcproj", "{F99E2DAD-5734-4017-8A14-2DB9A3C5A4B1}"
EndProject
Project("{8BC9CEB8-8B4A-11D0-8D11-00A0C91BC942}") = "KernelEchoTest", "Tests\KernelEchoTest\KernelEchoTest.vcproj", "{3AFBE29D-461D-45F6-ABF3-9D928198E523}"
EndProject
Global
	GlobalSection(SolutionConfigurationPlatforms) = preSolution
		Debug|Win32 = Debug|Win32
		Release|Win32 = Release|Win32
	EndGlobalSection
	GlobalSection(ProjectConfigurationPlatforms) = postSolution
		{F99E2DAD-5734-4017-8A14-2DB9A3C5A4B1}.Debug|Win32.ActiveCfg = Debug|Win32
		{F99E2DAD-5734-4017-8A14-2DB9A3C5A4B1}.Debug|Win32.Build.0 = Debug|Win32
		{F99E2DAD-5734-4017-8A14-2DB9A3C5A4B1}.Release|Win32.ActiveCfg = Release|Win32
		{F99E2DAD-5734-4017-8A14-2DB9A3C5A4B1}.Release|Win32.Build.0 = Release|Win32
		{3AFBE29D-461D-45F6-ABF3-9D928198E523}.Debug|Win32.ActiveCfg = Debug|Win32
		{3AFBE29D-461D-45F6-ABF3-9D928198E523}.Debug|Win32.Build.0 = Debug|Win32
		{3AFBE29D-461D-45F6-ABF3-9D928198E523}.Release|Win32.ActiveCfg = Release|Win32
		{3AFBE29D-461D-45F6-ABF3-9D928198E523}.Release|Win32.Build.0 = Release|Win32
	EndGlobalSection
	GlobalSection(SolutionProperties) = preSolution
		HideSolutionNode = FALSE
	EndGlobalSection
EndGlobal
