
Microsoft Visual Studio Solution File, Format Version 12.00
# Visual Studio 14
VisualStudioVersion = 14.0.25420.1
MinimumVisualStudioVersion = 10.0.40219.1
Project("{8BC9CEB8-8B4A-11D0-8D11-00A0C91BC942}") = "StaticLibraryCLang", "StaticLibraryCLang\StaticLibraryCLang.vcxproj", "{F45809BD-1ACB-4F74-92AB-3DF4A359B4E8}"
EndProject
Project("{8BC9CEB8-8B4A-11D0-8D11-00A0C91BC942}") = "UseCLang", "UseCLang\UseCLang.vcxproj", "{9044E9A0-8F12-46B4-BF51-AEBFD799E8A9}"
EndProject
Global
	GlobalSection(SolutionConfigurationPlatforms) = preSolution
		Debug|x64 = Debug|x64
		Debug|x86 = Debug|x86
		Release|x64 = Release|x64
		Release|x86 = Release|x86
	EndGlobalSection
	GlobalSection(ProjectConfigurationPlatforms) = postSolution
		{F45809BD-1ACB-4F74-92AB-3DF4A359B4E8}.Debug|x64.ActiveCfg = Debug|x64
		{F45809BD-1ACB-4F74-92AB-3DF4A359B4E8}.Debug|x64.Build.0 = Debug|x64
		{F45809BD-1ACB-4F74-92AB-3DF4A359B4E8}.Debug|x86.ActiveCfg = Debug|Win32
		{F45809BD-1ACB-4F74-92AB-3DF4A359B4E8}.Debug|x86.Build.0 = Debug|Win32
		{F45809BD-1ACB-4F74-92AB-3DF4A359B4E8}.Release|x64.ActiveCfg = Release|x64
		{F45809BD-1ACB-4F74-92AB-3DF4A359B4E8}.Release|x64.Build.0 = Release|x64
		{F45809BD-1ACB-4F74-92AB-3DF4A359B4E8}.Release|x86.ActiveCfg = Release|Win32
		{F45809BD-1ACB-4F74-92AB-3DF4A359B4E8}.Release|x86.Build.0 = Release|Win32
		{9044E9A0-8F12-46B4-BF51-AEBFD799E8A9}.Debug|x64.ActiveCfg = Debug|x64
		{9044E9A0-8F12-46B4-BF51-AEBFD799E8A9}.Debug|x64.Build.0 = Debug|x64
		{9044E9A0-8F12-46B4-BF51-AEBFD799E8A9}.Debug|x86.ActiveCfg = Debug|Win32
		{9044E9A0-8F12-46B4-BF51-AEBFD799E8A9}.Debug|x86.Build.0 = Debug|Win32
		{9044E9A0-8F12-46B4-BF51-AEBFD799E8A9}.Release|x64.ActiveCfg = Release|x64
		{9044E9A0-8F12-46B4-BF51-AEBFD799E8A9}.Release|x64.Build.0 = Release|x64
		{9044E9A0-8F12-46B4-BF51-AEBFD799E8A9}.Release|x86.ActiveCfg = Release|Win32
		{9044E9A0-8F12-46B4-BF51-AEBFD799E8A9}.Release|x86.Build.0 = Release|Win32
	EndGlobalSection
	GlobalSection(SolutionProperties) = preSolution
		HideSolutionNode = FALSE
	EndGlobalSection
EndGlobal
