
Microsoft Visual Studio Solution File, Format Version 10.00
# Visual C++ Express 2008
Project("{8BC9CEB8-8B4A-11D0-8D11-00A0C91BC942}") = "AlienNumber", "AlienNumber.vcproj", "{DB0CF9B2-4A11-44FC-9498-5D67F4D1425D}"
EndProject
Global
	GlobalSection(SolutionConfigurationPlatforms) = preSolution
		Debug|Win32 = Debug|Win32
		Release|Win32 = Release|Win32
	EndGlobalSection
	GlobalSection(ProjectConfigurationPlatforms) = postSolution
		{DB0CF9B2-4A11-44FC-9498-5D67F4D1425D}.Debug|Win32.ActiveCfg = Debug|Win32
		{DB0CF9B2-4A11-44FC-9498-5D67F4D1425D}.Debug|Win32.Build.0 = Debug|Win32
		{DB0CF9B2-4A11-44FC-9498-5D67F4D1425D}.Release|Win32.ActiveCfg = Release|Win32
		{DB0CF9B2-4A11-44FC-9498-5D67F4D1425D}.Release|Win32.Build.0 = Release|Win32
	EndGlobalSection
	GlobalSection(SolutionProperties) = preSolution
		HideSolutionNode = FALSE
	EndGlobalSection
EndGlobal
