Microsoft Visual Studio Solution File, Format Version 8.00
Project("{8BC9CEB8-8B4A-11D0-8D11-00A0C91BC942}") = "ruskey", "ruskey\ruskey.vcproj", "{4CC2303F-12F9-40FD-81EC-F28CB1798026}"
	ProjectSection(ProjectDependencies) = postProject
		{75374AB7-385F-4CC8-92D3-4B65404A0453} = {75374AB7-385F-4CC8-92D3-4B65404A0453}
	EndProjectSection
EndProject
Project("{8BC9CEB8-8B4A-11D0-8D11-00A0C91BC942}") = "ruskeydll", "ruskeydll\ruskeydll.vcproj", "{75374AB7-385F-4CC8-92D3-4B65404A0453}"
	ProjectSection(ProjectDependencies) = postProject
	EndProjectSection
EndProject
Global
	GlobalSection(SourceCodeControl) = preSolution
		SccNumberOfProjects = 3
		SccLocalPath0 = .
		CanCheckoutShared = false
		SolutionUniqueID = {EC578FE3-B816-4489-B72F-BD16B90F5960}
		SccProjectUniqueName1 = ruskey\\ruskey.vcproj
		SccLocalPath1 = .
		CanCheckoutShared = false
		SccProjectFilePathRelativizedFromConnection1 = ruskey\\
		SccProjectUniqueName2 = ruskeydll\\ruskeydll.vcproj
		SccLocalPath2 = .
		CanCheckoutShared = false
		SccProjectFilePathRelativizedFromConnection2 = ruskeydll\\
	EndGlobalSection
	GlobalSection(SolutionConfiguration) = preSolution
		Debug = Debug
		Release = Release
	EndGlobalSection
	GlobalSection(ProjectConfiguration) = postSolution
		{4CC2303F-12F9-40FD-81EC-F28CB1798026}.Debug.ActiveCfg = Debug|Win32
		{4CC2303F-12F9-40FD-81EC-F28CB1798026}.Debug.Build.0 = Debug|Win32
		{4CC2303F-12F9-40FD-81EC-F28CB1798026}.Release.ActiveCfg = Release|Win32
		{4CC2303F-12F9-40FD-81EC-F28CB1798026}.Release.Build.0 = Release|Win32
		{75374AB7-385F-4CC8-92D3-4B65404A0453}.Debug.ActiveCfg = Debug|Win32
		{75374AB7-385F-4CC8-92D3-4B65404A0453}.Debug.Build.0 = Debug|Win32
		{75374AB7-385F-4CC8-92D3-4B65404A0453}.Release.ActiveCfg = Release|Win32
		{75374AB7-385F-4CC8-92D3-4B65404A0453}.Release.Build.0 = Release|Win32
	EndGlobalSection
	GlobalSection(ExtensibilityGlobals) = postSolution
	EndGlobalSection
	GlobalSection(ExtensibilityAddIns) = postSolution
	EndGlobalSection
EndGlobal
