Microsoft Visual Studio Solution File, Format Version 8.00
Project("{FAE04EC0-301F-11D3-BF4B-00C04F79EFBC}") = "cdmgr", "cdmgr.csproj", "{EBB34F97-E8AA-45B5-831E-C8B293C4FAC8}"
	ProjectSection(ProjectDependencies) = postProject
	EndProjectSection
EndProject
Global
	GlobalSection(SourceCodeControl) = preSolution
		SccNumberOfProjects = 2
		SccLocalPath0 = .
		CanCheckoutShared = false
		SolutionUniqueID = {18885D48-F4C3-466B-9828-C9C5755C7409}
		SccProjectUniqueName1 = cdmgr.csproj
		SccLocalPath1 = .
		CanCheckoutShared = false
	EndGlobalSection
	GlobalSection(SolutionConfiguration) = preSolution
		Debug = Debug
		Release = Release
	EndGlobalSection
	GlobalSection(ProjectConfiguration) = postSolution
		{EBB34F97-E8AA-45B5-831E-C8B293C4FAC8}.Debug.ActiveCfg = Debug|.NET
		{EBB34F97-E8AA-45B5-831E-C8B293C4FAC8}.Debug.Build.0 = Debug|.NET
		{EBB34F97-E8AA-45B5-831E-C8B293C4FAC8}.Release.ActiveCfg = Release|.NET
		{EBB34F97-E8AA-45B5-831E-C8B293C4FAC8}.Release.Build.0 = Release|.NET
	EndGlobalSection
	GlobalSection(ExtensibilityGlobals) = postSolution
	EndGlobalSection
	GlobalSection(ExtensibilityAddIns) = postSolution
	EndGlobalSection
EndGlobal
