
Microsoft Visual Studio Solution File, Format Version 10.00
# Visual C++ Express 2008
Project("{8BC9CEB8-8B4A-11D0-8D11-00A0C91BC942}") = "BabelBase", "BabelBase.vcproj", "{E874139B-00D2-4C97-81B7-7906B7C3B811}"
EndProject
Global
	GlobalSection(SolutionConfigurationPlatforms) = preSolution
		Debug|Win32 = Debug|Win32
		Release|Win32 = Release|Win32
	EndGlobalSection
	GlobalSection(ProjectConfigurationPlatforms) = postSolution
		{E874139B-00D2-4C97-81B7-7906B7C3B811}.Debug|Win32.ActiveCfg = Debug|Win32
		{E874139B-00D2-4C97-81B7-7906B7C3B811}.Debug|Win32.Build.0 = Debug|Win32
		{E874139B-00D2-4C97-81B7-7906B7C3B811}.Release|Win32.ActiveCfg = Release|Win32
		{E874139B-00D2-4C97-81B7-7906B7C3B811}.Release|Win32.Build.0 = Release|Win32
	EndGlobalSection
	GlobalSection(SolutionProperties) = preSolution
		HideSolutionNode = FALSE
	EndGlobalSection
EndGlobal
