Microsoft Visual Studio Solution File, Format Version 8.00
Project("{8BC9CEB8-8B4A-11D0-8D11-00A0C91BC942}") = "waitjob", "waitjob.vcproj", "{EEC69FD0-901F-49E5-8FD7-FBEDE02A5332}"
	ProjectSection(ProjectDependencies) = postProject
	EndProjectSection
EndProject
Global
	GlobalSection(SourceCodeControl) = preSolution
		SccNumberOfProjects = 2
		SccLocalPath0 = .
		CanCheckoutShared = false
		SolutionUniqueID = {16A2D5FA-2D18-4682-B671-875BF42B4A41}
		SccProjectUniqueName1 = waitjob.vcproj
		SccLocalPath1 = .
		CanCheckoutShared = false
	EndGlobalSection
	GlobalSection(SolutionConfiguration) = preSolution
		Debug = Debug
		Release = Release
	EndGlobalSection
	GlobalSection(ProjectConfiguration) = postSolution
		{EEC69FD0-901F-49E5-8FD7-FBEDE02A5332}.Debug.ActiveCfg = Debug|Win32
		{EEC69FD0-901F-49E5-8FD7-FBEDE02A5332}.Debug.Build.0 = Debug|Win32
		{EEC69FD0-901F-49E5-8FD7-FBEDE02A5332}.Release.ActiveCfg = Release|Win32
		{EEC69FD0-901F-49E5-8FD7-FBEDE02A5332}.Release.Build.0 = Release|Win32
	EndGlobalSection
	GlobalSection(ExtensibilityGlobals) = postSolution
	EndGlobalSection
	GlobalSection(ExtensibilityAddIns) = postSolution
	EndGlobalSection
EndGlobal
